// !$*UTF8*$!
{
	archiveVersion = 1;
	classes = {
	};
	objectVersion = 46;
	objects = {

/* Begin PBXBuildFile section */
		15458DF71CD04DE50008C4B9 /* main.m in Sources */ = {isa = PBXBuildFile; fileRef = 15458DF61CD04DE50008C4B9 /* main.m */; };
		15458DFA1CD04DE50008C4B9 /* AppDelegate.m in Sources */ = {isa = PBXBuildFile; fileRef = 15458DF91CD04DE50008C4B9 /* AppDelegate.m */; };
		15458DFD1CD04DE50008C4B9 /* ViewController.m in Sources */ = {isa = PBXBuildFile; fileRef = 15458DFC1CD04DE50008C4B9 /* ViewController.m */; };
		15458E001CD04DE50008C4B9 /* Main.storyboard in Resources */ = {isa = PBXBuildFile; fileRef = 15458DFE1CD04DE50008C4B9 /* Main.storyboard */; };
		15458E021CD04DE50008C4B9 /* Images.xcassets in Resources */ = {isa = PBXBuildFile; fileRef = 15458E011CD04DE50008C4B9 /* Images.xcassets */; };
		15458E051CD04DE50008C4B9 /* LaunchScreen.xib in Resources */ = {isa = PBXBuildFile; fileRef = 15458E031CD04DE50008C4B9 /* LaunchScreen.xib */; };
		15458E111CD04DE50008C4B9 /* QuizMeTests.m in Sources */ = {isa = PBXBuildFile; fileRef = 15458E101CD04DE50008C4B9 /* QuizMeTests.m */; };
		159566851CD2D2B100E2B8A9 /* MainUI.storyboard in Resources */ = {isa = PBXBuildFile; fileRef = 159566841CD2D2B100E2B8A9 /* MainUI.storyboard */; };
		159566881CD2EF1600E2B8A9 /* MainUIViewController.m in Sources */ = {isa = PBXBuildFile; fileRef = 159566871CD2EF1600E2B8A9 /* MainUIViewController.m */; };
		15C3E4E91CD192AF005619B7 /* TTF in Resources */ = {isa = PBXBuildFile; fileRef = 15C3E4E81CD192AF005619B7 /* TTF */; };
		15C3E4EB1CD1996F005619B7 /* book-2869_1920.png in Resources */ = {isa = PBXBuildFile; fileRef = 15C3E4EA1CD1996F005619B7 /* book-2869_1920.png */; };
		15C3E4ED1CD19A49005619B7 /* library-443371_1920.png in Resources */ = {isa = PBXBuildFile; fileRef = 15C3E4EC1CD19A49005619B7 /* library-443371_1920.png */; };
		15C3E4EF1CD19C61005619B7 /* QuizMeTitle.png in Resources */ = {isa = PBXBuildFile; fileRef = 15C3E4EE1CD19C61005619B7 /* QuizMeTitle.png */; };
		15C8F7251CD1B53300A02B36 /* LogInViewController.m in Sources */ = {isa = PBXBuildFile; fileRef = 15C8F7241CD1B53300A02B36 /* LogInViewController.m */; };
		15C8F7281CD1B59900A02B36 /* SignUpViewController.m in Sources */ = {isa = PBXBuildFile; fileRef = 15C8F7271CD1B59900A02B36 /* SignUpViewController.m */; };
		15C8F72E1CD1C10700A02B36 /* FBSDKCoreKit.framework in Frameworks */ = {isa = PBXBuildFile; fileRef = 15C8F72D1CD1C10700A02B36 /* FBSDKCoreKit.framework */; };
		15C8F7301CD1C15F00A02B36 /* FBSDKLoginKit.framework in Frameworks */ = {isa = PBXBuildFile; fileRef = 15C8F72F1CD1C15F00A02B36 /* FBSDKLoginKit.framework */; settings = {ATTRIBUTES = (Required, ); }; };
/* End PBXBuildFile section */

/* Begin PBXContainerItemProxy section */
		15458E0B1CD04DE50008C4B9 /* PBXContainerItemProxy */ = {
			isa = PBXContainerItemProxy;
			containerPortal = 15458DE91CD04DE50008C4B9 /* Project object */;
			proxyType = 1;
			remoteGlobalIDString = 15458DF01CD04DE50008C4B9;
			remoteInfo = QuizMe;
		};
/* End PBXContainerItemProxy section */

/* Begin PBXFileReference section */
		15458DF11CD04DE50008C4B9 /* QuizMe.app */ = {isa = PBXFileReference; explicitFileType = wrapper.application; includeInIndex = 0; path = QuizMe.app; sourceTree = BUILT_PRODUCTS_DIR; };
		15458DF51CD04DE50008C4B9 /* Info.plist */ = {isa = PBXFileReference; lastKnownFileType = text.plist.xml; path = Info.plist; sourceTree = "<group>"; };
		15458DF61CD04DE50008C4B9 /* main.m */ = {isa = PBXFileReference; lastKnownFileType = sourcecode.c.objc; path = main.m; sourceTree = "<group>"; };
		15458DF81CD04DE50008C4B9 /* AppDelegate.h */ = {isa = PBXFileReference; lastKnownFileType = sourcecode.c.h; path = AppDelegate.h; sourceTree = "<group>"; };
		15458DF91CD04DE50008C4B9 /* AppDelegate.m */ = {isa = PBXFileReference; lastKnownFileType = sourcecode.c.objc; path = AppDelegate.m; sourceTree = "<group>"; };
		15458DFB1CD04DE50008C4B9 /* ViewController.h */ = {isa = PBXFileReference; lastKnownFileType = sourcecode.c.h; path = ViewController.h; sourceTree = "<group>"; };
		15458DFC1CD04DE50008C4B9 /* ViewController.m */ = {isa = PBXFileReference; lastKnownFileType = sourcecode.c.objc; path = ViewController.m; sourceTree = "<group>"; };
		15458DFF1CD04DE50008C4B9 /* Base */ = {isa = PBXFileReference; lastKnownFileType = file.storyboard; name = Base; path = Base.lproj/Main.storyboard; sourceTree = "<group>"; };
		15458E011CD04DE50008C4B9 /* Images.xcassets */ = {isa = PBXFileReference; lastKnownFileType = folder.assetcatalog; path = Images.xcassets; sourceTree = "<group>"; };
		15458E041CD04DE50008C4B9 /* Base */ = {isa = PBXFileReference; lastKnownFileType = file.xib; name = Base; path = Base.lproj/LaunchScreen.xib; sourceTree = "<group>"; };
		15458E0A1CD04DE50008C4B9 /* QuizMeTests.xctest */ = {isa = PBXFileReference; explicitFileType = wrapper.cfbundle; includeInIndex = 0; path = QuizMeTests.xctest; sourceTree = BUILT_PRODUCTS_DIR; };
		15458E0F1CD04DE50008C4B9 /* Info.plist */ = {isa = PBXFileReference; lastKnownFileType = text.plist.xml; path = Info.plist; sourceTree = "<group>"; };
		15458E101CD04DE50008C4B9 /* QuizMeTests.m */ = {isa = PBXFileReference; lastKnownFileType = sourcecode.c.objc; path = QuizMeTests.m; sourceTree = "<group>"; };
		159566841CD2D2B100E2B8A9 /* MainUI.storyboard */ = {isa = PBXFileReference; fileEncoding = 4; lastKnownFileType = file.storyboard; path = MainUI.storyboard; sourceTree = "<group>"; };
		159566861CD2EF1600E2B8A9 /* MainUIViewController.h */ = {isa = PBXFileReference; fileEncoding = 4; lastKnownFileType = sourcecode.c.h; path = MainUIViewController.h; sourceTree = "<group>"; };
		159566871CD2EF1600E2B8A9 /* MainUIViewController.m */ = {isa = PBXFileReference; fileEncoding = 4; lastKnownFileType = sourcecode.c.objc; path = MainUIViewController.m; sourceTree = "<group>"; };
		15C3E4E81CD192AF005619B7 /* TTF */ = {isa = PBXFileReference; lastKnownFileType = folder; path = TTF; sourceTree = "<group>"; };
		15C3E4EA1CD1996F005619B7 /* book-2869_1920.png */ = {isa = PBXFileReference; lastKnownFileType = image.png; path = "book-2869_1920.png"; sourceTree = "<group>"; };
		15C3E4EC1CD19A49005619B7 /* library-443371_1920.png */ = {isa = PBXFileReference; lastKnownFileType = image.png; path = "library-443371_1920.png"; sourceTree = "<group>"; };
		15C3E4EE1CD19C61005619B7 /* QuizMeTitle.png */ = {isa = PBXFileReference; lastKnownFileType = image.png; path = QuizMeTitle.png; sourceTree = "<group>"; };
		15C8F7231CD1B53300A02B36 /* LogInViewController.h */ = {isa = PBXFileReference; fileEncoding = 4; lastKnownFileType = sourcecode.c.h; path = LogInViewController.h; sourceTree = "<group>"; };
		15C8F7241CD1B53300A02B36 /* LogInViewController.m */ = {isa = PBXFileReference; fileEncoding = 4; lastKnownFileType = sourcecode.c.objc; path = LogInViewController.m; sourceTree = "<group>"; };
		15C8F7261CD1B59900A02B36 /* SignUpViewController.h */ = {isa = PBXFileReference; fileEncoding = 4; lastKnownFileType = sourcecode.c.h; path = SignUpViewController.h; sourceTree = "<group>"; };
		15C8F7271CD1B59900A02B36 /* SignUpViewController.m */ = {isa = PBXFileReference; fileEncoding = 4; lastKnownFileType = sourcecode.c.objc; path = SignUpViewController.m; sourceTree = "<group>"; };
		15C8F72D1CD1C10700A02B36 /* FBSDKCoreKit.framework */ = {isa = PBXFileReference; lastKnownFileType = wrapper.framework; name = FBSDKCoreKit.framework; path = ../../FacebookSDK/FBSDKCoreKit.framework; sourceTree = "<group>"; };
		15C8F72F1CD1C15F00A02B36 /* FBSDKLoginKit.framework */ = {isa = PBXFileReference; lastKnownFileType = wrapper.framework; name = FBSDKLoginKit.framework; path = ../../FacebookSDK/FBSDKLoginKit.framework; sourceTree = "<group>"; };
/* End PBXFileReference section */

/* Begin PBXFrameworksBuildPhase section */
		15458DEE1CD04DE50008C4B9 /* Frameworks */ = {
			isa = PBXFrameworksBuildPhase;
			buildActionMask = 2147483647;
			files = (
				15C8F7301CD1C15F00A02B36 /* FBSDKLoginKit.framework in Frameworks */,
				15C8F72E1CD1C10700A02B36 /* FBSDKCoreKit.framework in Frameworks */,
			);
			runOnlyForDeploymentPostprocessing = 0;
		};
		15458E071CD04DE50008C4B9 /* Frameworks */ = {
			isa = PBXFrameworksBuildPhase;
			buildActionMask = 2147483647;
			files = (
			);
			runOnlyForDeploymentPostprocessing = 0;
		};
/* End PBXFrameworksBuildPhase section */

/* Begin PBXGroup section */
		15458DE81CD04DE50008C4B9 = {
			isa = PBXGroup;
			children = (
				15C8F72A1CD1BF7C00A02B36 /* Frameworks */,
				15458DF31CD04DE50008C4B9 /* QuizMe */,
				15458E0D1CD04DE50008C4B9 /* QuizMeTests */,
				15458DF21CD04DE50008C4B9 /* Products */,
				15C3E4E81CD192AF005619B7 /* TTF */,
				15C3E4EA1CD1996F005619B7 /* book-2869_1920.png */,
				15C3E4EC1CD19A49005619B7 /* library-443371_1920.png */,
				15C3E4EE1CD19C61005619B7 /* QuizMeTitle.png */,
			);
			sourceTree = "<group>";
		};
		15458DF21CD04DE50008C4B9 /* Products */ = {
			isa = PBXGroup;
			children = (
				15458DF11CD04DE50008C4B9 /* QuizMe.app */,
				15458E0A1CD04DE50008C4B9 /* QuizMeTests.xctest */,
			);
			name = Products;
			sourceTree = "<group>";
		};
		15458DF31CD04DE50008C4B9 /* QuizMe */ = {
			isa = PBXGroup;
			children = (
				15C8F7261CD1B59900A02B36 /* SignUpViewController.h */,
				15C8F7271CD1B59900A02B36 /* SignUpViewController.m */,
				15C8F7231CD1B53300A02B36 /* LogInViewController.h */,
				15C8F7241CD1B53300A02B36 /* LogInViewController.m */,
				15458DF81CD04DE50008C4B9 /* AppDelegate.h */,
				15458DF91CD04DE50008C4B9 /* AppDelegate.m */,
				15458DFB1CD04DE50008C4B9 /* ViewController.h */,
				15458DFC1CD04DE50008C4B9 /* ViewController.m */,
				159566841CD2D2B100E2B8A9 /* MainUI.storyboard */,
				159566861CD2EF1600E2B8A9 /* MainUIViewController.h */,
				159566871CD2EF1600E2B8A9 /* MainUIViewController.m */,
				15458DFE1CD04DE50008C4B9 /* Main.storyboard */,
				15458E011CD04DE50008C4B9 /* Images.xcassets */,
				15458E031CD04DE50008C4B9 /* LaunchScreen.xib */,
				15458DF41CD04DE50008C4B9 /* Supporting Files */,
			);
			path = QuizMe;
			sourceTree = "<group>";
		};
		15458DF41CD04DE50008C4B9 /* Supporting Files */ = {
			isa = PBXGroup;
			children = (
				15458DF51CD04DE50008C4B9 /* Info.plist */,
				15458DF61CD04DE50008C4B9 /* main.m */,
			);
			name = "Supporting Files";
			sourceTree = "<group>";
		};
		15458E0D1CD04DE50008C4B9 /* QuizMeTests */ = {
			isa = PBXGroup;
			children = (
				15458E101CD04DE50008C4B9 /* QuizMeTests.m */,
				15458E0E1CD04DE50008C4B9 /* Supporting Files */,
			);
			path = QuizMeTests;
			sourceTree = "<group>";
		};
		15458E0E1CD04DE50008C4B9 /* Supporting Files */ = {
			isa = PBXGroup;
			children = (
				15458E0F1CD04DE50008C4B9 /* Info.plist */,
			);
			name = "Supporting Files";
			sourceTree = "<group>";
		};
		15C8F72A1CD1BF7C00A02B36 /* Frameworks */ = {
			isa = PBXGroup;
			children = (
				15C8F72F1CD1C15F00A02B36 /* FBSDKLoginKit.framework */,
				15C8F72D1CD1C10700A02B36 /* FBSDKCoreKit.framework */,
			);
			name = Frameworks;
			sourceTree = "<group>";
		};
/* End PBXGroup section */

/* Begin PBXNativeTarget section */
		15458DF01CD04DE50008C4B9 /* QuizMe */ = {
			isa = PBXNativeTarget;
			buildConfigurationList = 15458E141CD04DE50008C4B9 /* Build configuration list for PBXNativeTarget "QuizMe" */;
			buildPhases = (
				15458DED1CD04DE50008C4B9 /* Sources */,
				15458DEE1CD04DE50008C4B9 /* Frameworks */,
				15458DEF1CD04DE50008C4B9 /* Resources */,
			);
			buildRules = (
			);
			dependencies = (
			);
			name = QuizMe;
			productName = QuizMe;
			productReference = 15458DF11CD04DE50008C4B9 /* QuizMe.app */;
			productType = "com.apple.product-type.application";
		};
		15458E091CD04DE50008C4B9 /* QuizMeTests */ = {
			isa = PBXNativeTarget;
			buildConfigurationList = 15458E171CD04DE50008C4B9 /* Build configuration list for PBXNativeTarget "QuizMeTests" */;
			buildPhases = (
				15458E061CD04DE50008C4B9 /* Sources */,
				15458E071CD04DE50008C4B9 /* Frameworks */,
				15458E081CD04DE50008C4B9 /* Resources */,
			);
			buildRules = (
			);
			dependencies = (
				15458E0C1CD04DE50008C4B9 /* PBXTargetDependency */,
			);
			name = QuizMeTests;
			productName = QuizMeTests;
			productReference = 15458E0A1CD04DE50008C4B9 /* QuizMeTests.xctest */;
			productType = "com.apple.product-type.bundle.unit-test";
		};
/* End PBXNativeTarget section */

/* Begin PBXProject section */
		15458DE91CD04DE50008C4B9 /* Project object */ = {
			isa = PBXProject;
			attributes = {
				LastUpgradeCheck = 0730;
				ORGANIZATIONNAME = Dafe;
				TargetAttributes = {
					15458DF01CD04DE50008C4B9 = {
						CreatedOnToolsVersion = 6.3;
					};
					15458E091CD04DE50008C4B9 = {
						CreatedOnToolsVersion = 6.3;
						TestTargetID = 15458DF01CD04DE50008C4B9;
					};
				};
			};
			buildConfigurationList = 15458DEC1CD04DE50008C4B9 /* Build configuration list for PBXProject "QuizMe" */;
			compatibilityVersion = "Xcode 3.2";
			developmentRegion = English;
			hasScannedForEncodings = 0;
			knownRegions = (
				en,
				Base,
			);
			mainGroup = 15458DE81CD04DE50008C4B9;
			productRefGroup = 15458DF21CD04DE50008C4B9 /* Products */;
			projectDirPath = "";
			projectRoot = "";
			targets = (
				15458DF01CD04DE50008C4B9 /* QuizMe */,
				15458E091CD04DE50008C4B9 /* QuizMeTests */,
			);
		};
/* End PBXProject section */

/* Begin PBXResourcesBuildPhase section */
		15458DEF1CD04DE50008C4B9 /* Resources */ = {
			isa = PBXResourcesBuildPhase;
			buildActionMask = 2147483647;
			files = (
				15458E001CD04DE50008C4B9 /* Main.storyboard in Resources */,
				15C3E4ED1CD19A49005619B7 /* library-443371_1920.png in Resources */,
				15C3E4E91CD192AF005619B7 /* TTF in Resources */,
				159566851CD2D2B100E2B8A9 /* MainUI.storyboard in Resources */,
				15C3E4EF1CD19C61005619B7 /* QuizMeTitle.png in Resources */,
				15458E051CD04DE50008C4B9 /* LaunchScreen.xib in Resources */,
				15458E021CD04DE50008C4B9 /* Images.xcassets in Resources */,
				15C3E4EB1CD1996F005619B7 /* book-2869_1920.png in Resources */,
			);
			runOnlyForDeploymentPostprocessing = 0;
		};
		15458E081CD04DE50008C4B9 /* Resources */ = {
			isa = PBXResourcesBuildPhase;
			buildActionMask = 2147483647;
			files = (
			);
			runOnlyForDeploymentPostprocessing = 0;
		};
/* End PBXResourcesBuildPhase section */

/* Begin PBXSourcesBuildPhase section */
		15458DED1CD04DE50008C4B9 /* Sources */ = {
			isa = PBXSourcesBuildPhase;
			buildActionMask = 2147483647;
			files = (
				15C8F7251CD1B53300A02B36 /* LogInViewController.m in Sources */,
				15C8F7281CD1B59900A02B36 /* SignUpViewController.m in Sources */,
				15458DFD1CD04DE50008C4B9 /* ViewController.m in Sources */,
				159566881CD2EF1600E2B8A9 /* MainUIViewController.m in Sources */,
				15458DFA1CD04DE50008C4B9 /* AppDelegate.m in Sources */,
				15458DF71CD04DE50008C4B9 /* main.m in Sources */,
			);
			runOnlyForDeploymentPostprocessing = 0;
		};
		15458E061CD04DE50008C4B9 /* Sources */ = {
			isa = PBXSourcesBuildPhase;
			buildActionMask = 2147483647;
			files = (
				15458E111CD04DE50008C4B9 /* QuizMeTests.m in Sources */,
			);
			runOnlyForDeploymentPostprocessing = 0;
		};
/* End PBXSourcesBuildPhase section */

/* Begin PBXTargetDependency section */
		15458E0C1CD04DE50008C4B9 /* PBXTargetDependency */ = {
			isa = PBXTargetDependency;
			target = 15458DF01CD04DE50008C4B9 /* QuizMe */;
			targetProxy = 15458E0B1CD04DE50008C4B9 /* PBXContainerItemProxy */;
		};
/* End PBXTargetDependency section */

/* Begin PBXVariantGroup section */
		15458DFE1CD04DE50008C4B9 /* Main.storyboard */ = {
			isa = PBXVariantGroup;
			children = (
				15458DFF1CD04DE50008C4B9 /* Base */,
			);
			name = Main.storyboard;
			sourceTree = "<group>";
		};
		15458E031CD04DE50008C4B9 /* LaunchScreen.xib */ = {
			isa = PBXVariantGroup;
			children = (
				15458E041CD04DE50008C4B9 /* Base */,
			);
			name = LaunchScreen.xib;
			sourceTree = "<group>";
		};
/* End PBXVariantGroup section */

/* Begin XCBuildConfiguration section */
		15458E121CD04DE50008C4B9 /* Debug */ = {
			isa = XCBuildConfiguration;
			buildSettings = {
				ALWAYS_SEARCH_USER_PATHS = NO;
				CLANG_ALLOW_NON_MODULAR_INCLUDES_IN_FRAMEWORK_MODULES = YES;
				CLANG_CXX_LANGUAGE_STANDARD = "gnu++0x";
				CLANG_CXX_LIBRARY = "libc++";
				CLANG_ENABLE_MODULES = YES;
				CLANG_ENABLE_OBJC_ARC = YES;
				CLANG_WARN_BOOL_CONVERSION = YES;
				CLANG_WARN_CONSTANT_CONVERSION = YES;
				CLANG_WARN_DIRECT_OBJC_ISA_USAGE = YES_ERROR;
				CLANG_WARN_EMPTY_BODY = YES;
				CLANG_WARN_ENUM_CONVERSION = YES;
				CLANG_WARN_INT_CONVERSION = YES;
				CLANG_WARN_OBJC_ROOT_CLASS = YES_ERROR;
				CLANG_WARN_UNREACHABLE_CODE = YES;
				CLANG_WARN__DUPLICATE_METHOD_MATCH = YES;
				"CODE_SIGN_IDENTITY[sdk=iphoneos*]" = "iPhone Developer";
				COPY_PHASE_STRIP = NO;
				DEBUG_INFORMATION_FORMAT = "dwarf-with-dsym";
				ENABLE_STRICT_OBJC_MSGSEND = YES;
				"FRAMEWORK_SEARCH_PATHS[arch=*]" = (
					"$(inherited)",
					/Users/Dafe/Documents/FacebookSDK,
				);
				GCC_C_LANGUAGE_STANDARD = gnu99;
				GCC_DYNAMIC_NO_PIC = NO;
				GCC_NO_COMMON_BLOCKS = YES;
				GCC_OPTIMIZATION_LEVEL = 0;
				GCC_PREPROCESSOR_DEFINITIONS = (
					"DEBUG=1",
					"$(inherited)",
				);
				GCC_SYMBOLS_PRIVATE_EXTERN = NO;
				GCC_WARN_64_TO_32_BIT_CONVERSION = YES;
				GCC_WARN_ABOUT_RETURN_TYPE = YES_ERROR;
				GCC_WARN_UNDECLARED_SELECTOR = YES;
				GCC_WARN_UNINITIALIZED_AUTOS = YES_AGGRESSIVE;
				GCC_WARN_UNUSED_FUNCTION = YES;
				GCC_WARN_UNUSED_VARIABLE = YES;
				IPHONEOS_DEPLOYMENT_TARGET = 8.3;
				MTL_ENABLE_DEBUG_INFO = YES;
				ONLY_ACTIVE_ARCH = YES;
				SDKROOT = iphoneos;
				TARGETED_DEVICE_FAMILY = "1,2";
			};
			name = Debug;
		};
		15458E131CD04DE50008C4B9 /* Release */ = {
			isa = XCBuildConfiguration;
			buildSettings = {
				ALWAYS_SEARCH_USER_PATHS = NO;
				CLANG_ALLOW_NON_MODULAR_INCLUDES_IN_FRAMEWORK_MODULES = YES;
				CLANG_CXX_LANGUAGE_STANDARD = "gnu++0x";
				CLANG_CXX_LIBRARY = "libc++";
				CLANG_ENABLE_MODULES = YES;
				CLANG_ENABLE_OBJC_ARC = YES;
				CLANG_WARN_BOOL_CONVERSION = YES;
				CLANG_WARN_CONSTANT_CONVERSION = YES;
				CLANG_WARN_DIRECT_OBJC_ISA_USAGE = YES_ERROR;
				CLANG_WARN_EMPTY_BODY = YES;
				CLANG_WARN_ENUM_CONVERSION = YES;
				CLANG_WARN_INT_CONVERSION = YES;
				CLANG_WARN_OBJC_ROOT_CLASS = YES_ERROR;
				CLANG_WARN_UNREACHABLE_CODE = YES;
				CLANG_WARN__DUPLICATE_METHOD_MATCH = YES;
				"CODE_SIGN_IDENTITY[sdk=iphoneos*]" = "iPhone Developer";
				COPY_PHASE_STRIP = NO;
				DEBUG_INFORMATION_FORMAT = "dwarf-with-dsym";
				ENABLE_NS_ASSERTIONS = NO;
				ENABLE_STRICT_OBJC_MSGSEND = YES;
				FRAMEWORK_SEARCH_PATHS = (
					"$(inherited)",
					/Users/Dafe/Documents/FacebookSDK,
				);
				GCC_C_LANGUAGE_STANDARD = gnu99;
				GCC_NO_COMMON_BLOCKS = YES;
				GCC_WARN_64_TO_32_BIT_CONVERSION = YES;
				GCC_WARN_ABOUT_RETURN_TYPE = YES_ERROR;
				GCC_WARN_UNDECLARED_SELECTOR = YES;
				GCC_WARN_UNINITIALIZED_AUTOS = YES_AGGRESSIVE;
				GCC_WARN_UNUSED_FUNCTION = YES;
				GCC_WARN_UNUSED_VARIABLE = YES;
				IPHONEOS_DEPLOYMENT_TARGET = 8.3;
				MTL_ENABLE_DEBUG_INFO = NO;
				SDKROOT = iphoneos;
				TARGETED_DEVICE_FAMILY = "1,2";
				VALIDATE_PRODUCT = YES;
			};
			name = Release;
		};
		15458E151CD04DE50008C4B9 /* Debug */ = {
			isa = XCBuildConfiguration;
			buildSettings = {
				ASSETCATALOG_COMPILER_APPICON_NAME = AppIcon;
				CLANG_ALLOW_NON_MODULAR_INCLUDES_IN_FRAMEWORK_MODULES = YES;
				FRAMEWORK_SEARCH_PATHS = (
					"$(inherited)",
					/Users/Dafe/Documents/FacebookSDK,
				);
				INFOPLIST_FILE = QuizMe/Info.plist;
				LD_RUNPATH_SEARCH_PATHS = "$(inherited) @executable_path/Frameworks";
				PRODUCT_NAME = "$(TARGET_NAME)";
			};
			name = Debug;
		};
		15458E161CD04DE50008C4B9 /* Release */ = {
			isa = XCBuildConfiguration;
			buildSettings = {
				ASSETCATALOG_COMPILER_APPICON_NAME = AppIcon;
				CLANG_ALLOW_NON_MODULAR_INCLUDES_IN_FRAMEWORK_MODULES = YES;
				FRAMEWORK_SEARCH_PATHS = (
					"$(inherited)",
					/Users/Dafe/Documents/FacebookSDK,
				);
				INFOPLIST_FILE = QuizMe/Info.plist;
				LD_RUNPATH_SEARCH_PATHS = "$(inherited) @executable_path/Frameworks";
				PRODUCT_NAME = "$(TARGET_NAME)";
			};
			name = Release;
		};
		15458E181CD04DE50008C4B9 /* Debug */ = {
			isa = XCBuildConfiguration;
			buildSettings = {
				BUNDLE_LOADER = "$(TEST_HOST)";
				FRAMEWORK_SEARCH_PATHS = (
					"$(SDKROOT)/Developer/Library/Frameworks",
					"$(inherited)",
				);
				GCC_PREPROCESSOR_DEFINITIONS = (
					"DEBUG=1",
					"$(inherited)",
				);
				INFOPLIST_FILE = QuizMeTests/Info.plist;
				LD_RUNPATH_SEARCH_PATHS = "$(inherited) @executable_path/Frameworks @loader_path/Frameworks";
				PRODUCT_NAME = "$(TARGET_NAME)";
				TEST_HOST = "$(BUILT_PRODUCTS_DIR)/QuizMe.app/QuizMe";
			};
			name = Debug;
		};
		15458E191CD04DE50008C4B9 /* Release */ = {
			isa = XCBuildConfiguration;
			buildSettings = {
				BUNDLE_LOADER = "$(TEST_HOST)";
				FRAMEWORK_SEARCH_PATHS = (
					"$(SDKROOT)/Developer/Library/Frameworks",
					"$(inherited)",
				);
				INFOPLIST_FILE = QuizMeTests/Info.plist;
				LD_RUNPATH_SEARCH_PATHS = "$(inherited) @executable_path/Frameworks @loader_path/Frameworks";
				PRODUCT_NAME = "$(TARGET_NAME)";
				TEST_HOST = "$(BUILT_PRODUCTS_DIR)/QuizMe.app/QuizMe";
			};
			name = Release;
		};
/* End XCBuildConfiguration section */

/* Begin XCConfigurationList section */
		15458DEC1CD04DE50008C4B9 /* Build configuration list for PBXProject "QuizMe" */ = {
			isa = XCConfigurationList;
			buildConfigurations = (
				15458E121CD04DE50008C4B9 /* Debug */,
				15458E131CD04DE50008C4B9 /* Release */,
			);
			defaultConfigurationIsVisible = 0;
			defaultConfigurationName = Release;
		};
		15458E141CD04DE50008C4B9 /* Build configuration list for PBXNativeTarget "QuizMe" */ = {
			isa = XCConfigurationList;
			buildConfigurations = (
				15458E151CD04DE50008C4B9 /* Debug */,
				15458E161CD04DE50008C4B9 /* Release */,
			);
			defaultConfigurationIsVisible = 0;
			defaultConfigurationName = Release;
		};
		15458E171CD04DE50008C4B9 /* Build configuration list for PBXNativeTarget "QuizMeTests" */ = {
			isa = XCConfigurationList;
			buildConfigurations = (
				15458E181CD04DE50008C4B9 /* Debug */,
				15458E191CD04DE50008C4B9 /* Release */,
			);
			defaultConfigurationIsVisible = 0;
			defaultConfigurationName = Release;
		};
/* End XCConfigurationList section */
	};
	rootObject = 15458DE91CD04DE50008C4B9 /* Project object */;
}
